Microsoft Visual Studio Solution File, Format Version 11.00
# Visual Studio 2008

Project("{2234914E-71BA-9A91-FA19-D46EE8342984}") = "Descent-Dungeon-Generator", "Assembly-CSharp.csproj", "{2753AD63-03E4-CFF3-946E-B682EDC0B64D}"
EndProject
Global
	GlobalSection(SolutionConfigurationPlatforms) = preSolution
		Debug|Any CPU = Debug|Any CPU
		Release|Any CPU = Release|Any CPU
	EndGlobalSection
	GlobalSection(ProjectConfigurationPlatforms) = postSolution
		{2753AD63-03E4-CFF3-946E-B682EDC0B64D}.Debug|Any CPU.ActiveCfg = Debug|Any CPU
		{2753AD63-03E4-CFF3-946E-B682EDC0B64D}.Debug|Any CPU.Build.0 = Debug|Any CPU
		{2753AD63-03E4-CFF3-946E-B682EDC0B64D}.Release|Any CPU.ActiveCfg = Release|Any CPU
		{2753AD63-03E4-CFF3-946E-B682EDC0B64D}.Release|Any CPU.Build.0 = Release|Any CPU
	EndGlobalSection
	GlobalSection(SolutionProperties) = preSolution
		HideSolutionNode = FALSE
	EndGlobalSection
	GlobalSection(MonoDevelopProperties) = preSolution
		StartupItem = Assembly-CSharp.csproj
	EndGlobalSection
EndGlobal
